
Microsoft Visual Studio Solution File, Format Version 12.00
# Visual Studio 15
VisualStudioVersion = 15.0.28010.2016
MinimumVisualStudioVersion = 10.0.40219.1
Project("{FAE04EC0-301F-11D3-BF4B-00C04F79EFBC}") = "BitsCode", "BitsCode\BitsCode.csproj", "{77B2DA11-D6C7-4889-8A6D-34DEA656EC97}"
EndProject
Global
	GlobalSection(SolutionConfigurationPlatforms) = preSolution
		Debug|Any CPU = Debug|Any CPU
		Release|Any CPU = Release|Any CPU
	EndGlobalSection
	GlobalSection(ProjectConfigurationPlatforms) = postSolution
		{77B2DA11-D6C7-4889-8A6D-34DEA656EC97}.Debug|Any CPU.ActiveCfg = Debug|Any CPU
		{77B2DA11-D6C7-4889-8A6D-34DEA656EC97}.Debug|Any CPU.Build.0 = Debug|Any CPU
		{77B2DA11-D6C7-4889-8A6D-34DEA656EC97}.Release|Any CPU.ActiveCfg = Release|Any CPU
		{77B2DA11-D6C7-4889-8A6D-34DEA656EC97}.Release|Any CPU.Build.0 = Release|Any CPU
	EndGlobalSection
	GlobalSection(SolutionProperties) = preSolution
		HideSolutionNode = FALSE
	EndGlobalSection
	GlobalSection(ExtensibilityGlobals) = postSolution
		SolutionGuid = {E3193E2B-EE1B-4BE3-885F-30C0D262CCE9}
	EndGlobalSection
EndGlobal
